// !$*UTF8*$!
{
	archiveVersion = 1;
	classes = {
	};
	objectVersion = 46;
	objects = {

/* Begin PBXBuildFile section */
		273DFCE01D01259600A07775 /* AppDelegate.swift in Sources */ = {isa = PBXBuildFile; fileRef = 273DFCDF1D01259600A07775 /* AppDelegate.swift */; };
		273DFCE21D01259600A07775 /* ViewController.swift in Sources */ = {isa = PBXBuildFile; fileRef = 273DFCE11D01259600A07775 /* ViewController.swift */; };
		273DFCE51D01259600A07775 /* Main.storyboard in Resources */ = {isa = PBXBuildFile; fileRef = 273DFCE31D01259600A07775 /* Main.storyboard */; };
		273DFCE71D01259600A07775 /* Assets.xcassets in Resources */ = {isa = PBXBuildFile; fileRef = 273DFCE61D01259600A07775 /* Assets.xcassets */; };
		273DFCEA1D01259600A07775 /* LaunchScreen.storyboard in Resources */ = {isa = PBXBuildFile; fileRef = 273DFCE81D01259600A07775 /* LaunchScreen.storyboard */; };
		273DFCF21D0125ED00A07775 /* Line.swift in Sources */ = {isa = PBXBuildFile; fileRef = 273DFCF11D0125ED00A07775 /* Line.swift */; };
		273DFCF41D0126C500A07775 /* DrawView.swift in Sources */ = {isa = PBXBuildFile; fileRef = 273DFCF31D0126C500A07775 /* DrawView.swift */; };
/* End PBXBuildFile section */

/* Begin PBXFileReference section */
		273DFCDC1D01259500A07775 /* ZYXTouchTracker.app */ = {isa = PBXFileReference; explicitFileType = wrapper.application; includeInIndex = 0; path = ZYXTouchTracker.app; sourceTree = BUILT_PRODUCTS_DIR; };
		273DFCDF1D01259600A07775 /* AppDelegate.swift */ = {isa = PBXFileReference; lastKnownFileType = sourcecode.swift; path = AppDelegate.swift; sourceTree = "<group>"; };
		273DFCE11D01259600A07775 /* ViewController.swift */ = {isa = PBXFileReference; lastKnownFileType = sourcecode.swift; path = ViewController.swift; sourceTree = "<group>"; };
		273DFCE41D01259600A07775 /* Base */ = {isa = PBXFileReference; lastKnownFileType = file.storyboard; name = Base; path = Base.lproj/Main.storyboard; sourceTree = "<group>"; };
		273DFCE61D01259600A07775 /* Assets.xcassets */ = {isa = PBXFileReference; lastKnownFileType = folder.assetcatalog; path = Assets.xcassets; sourceTree = "<group>"; };
		273DFCE91D01259600A07775 /* Base */ = {isa = PBXFileReference; lastKnownFileType = file.storyboard; name = Base; path = Base.lproj/LaunchScreen.storyboard; sourceTree = "<group>"; };
		273DFCEB1D01259600A07775 /* Info.plist */ = {isa = PBXFileReference; lastKnownFileType = text.plist.xml; path = Info.plist; sourceTree = "<group>"; };
		273DFCF11D0125ED00A07775 /* Line.swift */ = {isa = PBXFileReference; fileEncoding = 4; lastKnownFileType = sourcecode.swift; path = Line.swift; sourceTree = "<group>"; };
		273DFCF31D0126C500A07775 /* DrawView.swift */ = {isa = PBXFileReference; fileEncoding = 4; lastKnownFileType = sourcecode.swift; path = DrawView.swift; sourceTree = "<group>"; };
/* End PBXFileReference section */

/* Begin PBXFrameworksBuildPhase section */
		273DFCD91D01259500A07775 /* Frameworks */ = {
			isa = PBXFrameworksBuildPhase;
			buildActionMask = 2147483647;
			files = (
			);
			runOnlyForDeploymentPostprocessing = 0;
		};
/* End PBXFrameworksBuildPhase section */

/* Begin PBXGroup section */
		273DFCD31D01259500A07775 = {
			isa = PBXGroup;
			children = (
				273DFCDE1D01259600A07775 /* ZYXTouchTracker */,
				273DFCDD1D01259500A07775 /* Products */,
			);
			sourceTree = "<group>";
		};
		273DFCDD1D01259500A07775 /* Products */ = {
			isa = PBXGroup;
			children = (
				273DFCDC1D01259500A07775 /* ZYXTouchTracker.app */,
			);
			name = Products;
			sourceTree = "<group>";
		};
		273DFCDE1D01259600A07775 /* ZYXTouchTracker */ = {
			isa = PBXGroup;
			children = (
				273DFCF11D0125ED00A07775 /* Line.swift */,
				273DFCF31D0126C500A07775 /* DrawView.swift */,
				273DFCDF1D01259600A07775 /* AppDelegate.swift */,
				273DFCE11D01259600A07775 /* ViewController.swift */,
				273DFCE31D01259600A07775 /* Main.storyboard */,
				273DFCE61D01259600A07775 /* Assets.xcassets */,
				273DFCE81D01259600A07775 /* LaunchScreen.storyboard */,
				273DFCEB1D01259600A07775 /* Info.plist */,
			);
			path = ZYXTouchTracker;
			sourceTree = "<group>";
		};
/* End PBXGroup section */

/* Begin PBXNativeTarget section */
		273DFCDB1D01259500A07775 /* ZYXTouchTracker */ = {
			isa = PBXNativeTarget;
			buildConfigurationList = 273DFCEE1D01259600A07775 /* Build configuration list for PBXNativeTarget "ZYXTouchTracker" */;
			buildPhases = (
				273DFCD81D01259500A07775 /* Sources */,
				273DFCD91D01259500A07775 /* Frameworks */,
				273DFCDA1D01259500A07775 /* Resources */,
			);
			buildRules = (
			);
			dependencies = (
			);
			name = ZYXTouchTracker;
			productName = ZYXTouchTracker;
			productReference = 273DFCDC1D01259500A07775 /* ZYXTouchTracker.app */;
			productType = "com.apple.product-type.application";
		};
/* End PBXNativeTarget section */

/* Begin PBXProject section */
		273DFCD41D01259500A07775 /* Project object */ = {
			isa = PBXProject;
			attributes = {
				LastSwiftUpdateCheck = 0730;
				LastUpgradeCheck = 0730;
				ORGANIZATIONNAME = "卓酉鑫";
				TargetAttributes = {
					273DFCDB1D01259500A07775 = {
						CreatedOnToolsVersion = 7.3.1;
					};
				};
			};
			buildConfigurationList = 273DFCD71D01259500A07775 /* Build configuration list for PBXProject "ZYXTouchTracker" */;
			compatibilityVersion = "Xcode 3.2";
			developmentRegion = English;
			hasScannedForEncodings = 0;
			knownRegions = (
				en,
				Base,
			);
			mainGroup = 273DFCD31D01259500A07775;
			productRefGroup = 273DFCDD1D01259500A07775 /* Products */;
			projectDirPath = "";
			projectRoot = "";
			targets = (
				273DFCDB1D01259500A07775 /* ZYXTouchTracker */,
			);
		};
/* End PBXProject section */

/* Begin PBXResourcesBuildPhase section */
		273DFCDA1D01259500A07775 /* Resources */ = {
			isa = PBXResourcesBuildPhase;
			buildActionMask = 2147483647;
			files = (
				273DFCEA1D01259600A07775 /* LaunchScreen.storyboard in Resources */,
				273DFCE71D01259600A07775 /* Assets.xcassets in Resources */,
				273DFCE51D01259600A07775 /* Main.storyboard in Resources */,
			);
			runOnlyForDeploymentPostprocessing = 0;
		};
/* End PBXResourcesBuildPhase section */

/* Begin PBXSourcesBuildPhase section */
		273DFCD81D01259500A07775 /* Sources */ = {
			isa = PBXSourcesBuildPhase;
			buildActionMask = 2147483647;
			files = (
				273DFCF21D0125ED00A07775 /* Line.swift in Sources */,
				273DFCE21D01259600A07775 /* ViewController.swift in Sources */,
				273DFCF41D0126C500A07775 /* DrawView.swift in Sources */,
				273DFCE01D01259600A07775 /* AppDelegate.swift in Sources */,
			);
			runOnlyForDeploymentPostprocessing = 0;
		};
/* End PBXSourcesBuildPhase section */

/* Begin PBXVariantGroup section */
		273DFCE31D01259600A07775 /* Main.storyboard */ = {
			isa = PBXVariantGroup;
			children = (
				273DFCE41D01259600A07775 /* Base */,
			);
			name = Main.storyboard;
			sourceTree = "<group>";
		};
		273DFCE81D01259600A07775 /* LaunchScreen.storyboard */ = {
			isa = PBXVariantGroup;
			children = (
				273DFCE91D01259600A07775 /* Base */,
			);
			name = LaunchScreen.storyboard;
			sourceTree = "<group>";
		};
/* End PBXVariantGroup section */

/* Begin XCBuildConfiguration section */
		273DFCEC1D01259600A07775 /* Debug */ = {
			isa = XCBuildConfiguration;
			buildSettings = {
				ALWAYS_SEARCH_USER_PATHS = NO;
				CLANG_ANALYZER_NONNULL = YES;
				CLANG_CXX_LANGUAGE_STANDARD = "gnu++0x";
				CLANG_CXX_LIBRARY = "libc++";
				CLANG_ENABLE_MODULES = YES;
				CLANG_ENABLE_OBJC_ARC = YES;
				CLANG_WARN_BOOL_CONVERSION = YES;
				CLANG_WARN_CONSTANT_CONVERSION = YES;
				CLANG_WARN_DIRECT_OBJC_ISA_USAGE = YES_ERROR;
				CLANG_WARN_EMPTY_BODY = YES;
				CLANG_WARN_ENUM_CONVERSION = YES;
				CLANG_WARN_INT_CONVERSION = YES;
				CLANG_WARN_OBJC_ROOT_CLASS = YES_ERROR;
				CLANG_WARN_UNREACHABLE_CODE = YES;
				CLANG_WARN__DUPLICATE_METHOD_MATCH = YES;
				"CODE_SIGN_IDENTITY[sdk=iphoneos*]" = "iPhone Developer";
				COPY_PHASE_STRIP = NO;
				DEBUG_INFORMATION_FORMAT = dwarf;
				ENABLE_STRICT_OBJC_MSGSEND = YES;
				ENABLE_TESTABILITY = YES;
				GCC_C_LANGUAGE_STANDARD = gnu99;
				GCC_DYNAMIC_NO_PIC = NO;
				GCC_NO_COMMON_BLOCKS = YES;
				GCC_OPTIMIZATION_LEVEL = 0;
				GCC_PREPROCESSOR_DEFINITIONS = (
					"DEBUG=1",
					"$(inherited)",
				);
				GCC_WARN_64_TO_32_BIT_CONVERSION = YES;
				GCC_WARN_ABOUT_RETURN_TYPE = YES_ERROR;
				GCC_WARN_UNDECLARED_SELECTOR = YES;
				GCC_WARN_UNINITIALIZED_AUTOS = YES_AGGRESSIVE;
				GCC_WARN_UNUSED_FUNCTION = YES;
				GCC_WARN_UNUSED_VARIABLE = YES;
				IPHONEOS_DEPLOYMENT_TARGET = 9.3;
				MTL_ENABLE_DEBUG_INFO = YES;
				ONLY_ACTIVE_ARCH = YES;
				SDKROOT = iphoneos;
				SWIFT_OPTIMIZATION_LEVEL = "-Onone";
				TARGETED_DEVICE_FAMILY = "1,2";
			};
			name = Debug;
		};
		273DFCED1D01259600A07775 /* Release */ = {
			isa = XCBuildConfiguration;
			buildSettings = {
				ALWAYS_SEARCH_USER_PATHS = NO;
				CLANG_ANALYZER_NONNULL = YES;
				CLANG_CXX_LANGUAGE_STANDARD = "gnu++0x";
				CLANG_CXX_LIBRARY = "libc++";
				CLANG_ENABLE_MODULES = YES;
				CLANG_ENABLE_OBJC_ARC = YES;
				CLANG_WARN_BOOL_CONVERSION = YES;
				CLANG_WARN_CONSTANT_CONVERSION = YES;
				CLANG_WARN_DIRECT_OBJC_ISA_USAGE = YES_ERROR;
				CLANG_WARN_EMPTY_BODY = YES;
				CLANG_WARN_ENUM_CONVERSION = YES;
				CLANG_WARN_INT_CONVERSION = YES;
				CLANG_WARN_OBJC_ROOT_CLASS = YES_ERROR;
				CLANG_WARN_UNREACHABLE_CODE = YES;
				CLANG_WARN__DUPLICATE_METHOD_MATCH = YES;
				"CODE_SIGN_IDENTITY[sdk=iphoneos*]" = "iPhone Developer";
				COPY_PHASE_STRIP = NO;
				DEBUG_INFORMATION_FORMAT = "dwarf-with-dsym";
				ENABLE_NS_ASSERTIONS = NO;
				ENABLE_STRICT_OBJC_MSGSEND = YES;
				GCC_C_LANGUAGE_STANDARD = gnu99;
				GCC_NO_COMMON_BLOCKS = YES;
				GCC_WARN_64_TO_32_BIT_CONVERSION = YES;
				GCC_WARN_ABOUT_RETURN_TYPE = YES_ERROR;
				GCC_WARN_UNDECLARED_SELECTOR = YES;
				GCC_WARN_UNINITIALIZED_AUTOS = YES_AGGRESSIVE;
				GCC_WARN_UNUSED_FUNCTION = YES;
				GCC_WARN_UNUSED_VARIABLE = YES;
				IPHONEOS_DEPLOYMENT_TARGET = 9.3;
				MTL_ENABLE_DEBUG_INFO = NO;
				SDKROOT = iphoneos;
				TARGETED_DEVICE_FAMILY = "1,2";
				VALIDATE_PRODUCT = YES;
			};
			name = Release;
		};
		273DFCEF1D01259600A07775 /* Debug */ = {
			isa = XCBuildConfiguration;
			buildSettings = {
				ASSETCATALOG_COMPILER_APPICON_NAME = AppIcon;
				INFOPLIST_FILE = ZYXTouchTracker/Info.plist;
				LD_RUNPATH_SEARCH_PATHS = "$(inherited) @executable_path/Frameworks";
				PRODUCT_BUNDLE_IDENTIFIER = com.zhuo.ZYXTouchTracker;
				PRODUCT_NAME = "$(TARGET_NAME)";
			};
			name = Debug;
		};
		273DFCF01D01259600A07775 /* Release */ = {
			isa = XCBuildConfiguration;
			buildSettings = {
				ASSETCATALOG_COMPILER_APPICON_NAME = AppIcon;
				INFOPLIST_FILE = ZYXTouchTracker/Info.plist;
				LD_RUNPATH_SEARCH_PATHS = "$(inherited) @executable_path/Frameworks";
				PRODUCT_BUNDLE_IDENTIFIER = com.zhuo.ZYXTouchTracker;
				PRODUCT_NAME = "$(TARGET_NAME)";
			};
			name = Release;
		};
/* End XCBuildConfiguration section */

/* Begin XCConfigurationList section */
		273DFCD71D01259500A07775 /* Build configuration list for PBXProject "ZYXTouchTracker" */ = {
			isa = XCConfigurationList;
			buildConfigurations = (
				273DFCEC1D01259600A07775 /* Debug */,
				273DFCED1D01259600A07775 /* Release */,
			);
			defaultConfigurationIsVisible = 0;
			defaultConfigurationName = Release;
		};
		273DFCEE1D01259600A07775 /* Build configuration list for PBXNativeTarget "ZYXTouchTracker" */ = {
			isa = XCConfigurationList;
			buildConfigurations = (
				273DFCEF1D01259600A07775 /* Debug */,
				273DFCF01D01259600A07775 /* Release */,
			);
			defaultConfigurationIsVisible = 0;
		};
/* End XCConfigurationList section */
	};
	rootObject = 273DFCD41D01259500A07775 /* Project object */;
}
